// !$*UTF8*$!
{
	archiveVersion = 1;
	classes = {
	};
	objectVersion = 50;
	objects = {

/* Begin PBXBuildFile section */
		2018A8D9228E27910007FA8C /* AppDelegate.swift in Sources */ = {isa = PBXBuildFile; fileRef = 2018A8D8228E27910007FA8C /* AppDelegate.swift */; };
		2018A8DB228E27910007FA8C /* ViewController.swift in Sources */ = {isa = PBXBuildFile; fileRef = 2018A8DA228E27910007FA8C /* ViewController.swift */; };
		2018A8DE228E27910007FA8C /* Main.storyboard in Resources */ = {isa = PBXBuildFile; fileRef = 2018A8DC228E27910007FA8C /* Main.storyboard */; };
		2018A8E0228E27930007FA8C /* Assets.xcassets in Resources */ = {isa = PBXBuildFile; fileRef = 2018A8DF228E27930007FA8C /* Assets.xcassets */; };
		2018A8EE228E27930007FA8C /* Trash_ItTests.swift in Sources */ = {isa = PBXBuildFile; fileRef = 2018A8ED228E27930007FA8C /* Trash_ItTests.swift */; };
		2018A8F9228E27930007FA8C /* Trash_ItUITests.swift in Sources */ = {isa = PBXBuildFile; fileRef = 2018A8F8228E27930007FA8C /* Trash_ItUITests.swift */; };
/* End PBXBuildFile section */

/* Begin PBXContainerItemProxy section */
		2018A8EA228E27930007FA8C /* PBXContainerItemProxy */ = {
			isa = PBXContainerItemProxy;
			containerPortal = 2018A8CD228E27910007FA8C /* Project object */;
			proxyType = 1;
			remoteGlobalIDString = 2018A8D4228E27910007FA8C;
			remoteInfo = Trash_It;
		};
		2018A8F5228E27930007FA8C /* PBXContainerItemProxy */ = {
			isa = PBXContainerItemProxy;
			containerPortal = 2018A8CD228E27910007FA8C /* Project object */;
			proxyType = 1;
			remoteGlobalIDString = 2018A8D4228E27910007FA8C;
			remoteInfo = Trash_It;
		};
/* End PBXContainerItemProxy section */

/* Begin PBXFileReference section */
		2018A8D5228E27910007FA8C /* Trash_It.app */ = {isa = PBXFileReference; explicitFileType = wrapper.application; includeInIndex = 0; path = Trash_It.app; sourceTree = BUILT_PRODUCTS_DIR; };
		2018A8D8228E27910007FA8C /* AppDelegate.swift */ = {isa = PBXFileReference; lastKnownFileType = sourcecode.swift; path = AppDelegate.swift; sourceTree = "<group>"; };
		2018A8DA228E27910007FA8C /* ViewController.swift */ = {isa = PBXFileReference; lastKnownFileType = sourcecode.swift; path = ViewController.swift; sourceTree = "<group>"; };
		2018A8DD228E27910007FA8C /* Base */ = {isa = PBXFileReference; lastKnownFileType = file.storyboard; name = Base; path = Base.lproj/Main.storyboard; sourceTree = "<group>"; };
		2018A8DF228E27930007FA8C /* Assets.xcassets */ = {isa = PBXFileReference; lastKnownFileType = folder.assetcatalog; path = Assets.xcassets; sourceTree = "<group>"; };
		2018A8E4228E27930007FA8C /* Info.plist */ = {isa = PBXFileReference; lastKnownFileType = text.plist.xml; path = Info.plist; sourceTree = "<group>"; };
		2018A8E9228E27930007FA8C /* Trash_ItTests.xctest */ = {isa = PBXFileReference; explicitFileType = wrapper.cfbundle; includeInIndex = 0; path = Trash_ItTests.xctest; sourceTree = BUILT_PRODUCTS_DIR; };
		2018A8ED228E27930007FA8C /* Trash_ItTests.swift */ = {isa = PBXFileReference; lastKnownFileType = sourcecode.swift; path = Trash_ItTests.swift; sourceTree = "<group>"; };
		2018A8EF228E27930007FA8C /* Info.plist */ = {isa = PBXFileReference; lastKnownFileType = text.plist.xml; path = Info.plist; sourceTree = "<group>"; };
		2018A8F4228E27930007FA8C /* Trash_ItUITests.xctest */ = {isa = PBXFileReference; explicitFileType = wrapper.cfbundle; includeInIndex = 0; path = Trash_ItUITests.xctest; sourceTree = BUILT_PRODUCTS_DIR; };
		2018A8F8228E27930007FA8C /* Trash_ItUITests.swift */ = {isa = PBXFileReference; lastKnownFileType = sourcecode.swift; path = Trash_ItUITests.swift; sourceTree = "<group>"; };
		2018A8FA228E27930007FA8C /* Info.plist */ = {isa = PBXFileReference; lastKnownFileType = text.plist.xml; path = Info.plist; sourceTree = "<group>"; };
/* End PBXFileReference section */

/* Begin PBXFrameworksBuildPhase section */
		2018A8D2228E27910007FA8C /* Frameworks */ = {
			isa = PBXFrameworksBuildPhase;
			buildActionMask = 2147483647;
			files = (
			);
			runOnlyForDeploymentPostprocessing = 0;
		};
		2018A8E6228E27930007FA8C /* Frameworks */ = {
			isa = PBXFrameworksBuildPhase;
			buildActionMask = 2147483647;
			files = (
			);
			runOnlyForDeploymentPostprocessing = 0;
		};
		2018A8F1228E27930007FA8C /* Frameworks */ = {
			isa = PBXFrameworksBuildPhase;
			buildActionMask = 2147483647;
			files = (
			);
			runOnlyForDeploymentPostprocessing = 0;
		};
/* End PBXFrameworksBuildPhase section */

/* Begin PBXGroup section */
		2018A8CC228E27910007FA8C = {
			isa = PBXGroup;
			children = (
				2018A8D7228E27910007FA8C /* Trash_It */,
				2018A8EC228E27930007FA8C /* Trash_ItTests */,
				2018A8F7228E27930007FA8C /* Trash_ItUITests */,
				2018A8D6228E27910007FA8C /* Products */,
			);
			sourceTree = "<group>";
		};
		2018A8D6228E27910007FA8C /* Products */ = {
			isa = PBXGroup;
			children = (
				2018A8D5228E27910007FA8C /* Trash_It.app */,
				2018A8E9228E27930007FA8C /* Trash_ItTests.xctest */,
				2018A8F4228E27930007FA8C /* Trash_ItUITests.xctest */,
			);
			name = Products;
			sourceTree = "<group>";
		};
		2018A8D7228E27910007FA8C /* Trash_It */ = {
			isa = PBXGroup;
			children = (
				2018A8D8228E27910007FA8C /* AppDelegate.swift */,
				2018A8DA228E27910007FA8C /* ViewController.swift */,
				2018A8DC228E27910007FA8C /* Main.storyboard */,
				2018A8DF228E27930007FA8C /* Assets.xcassets */,
				2018A8E4228E27930007FA8C /* Info.plist */,
			);
			path = Trash_It;
			sourceTree = "<group>";
		};
		2018A8EC228E27930007FA8C /* Trash_ItTests */ = {
			isa = PBXGroup;
			children = (
				2018A8ED228E27930007FA8C /* Trash_ItTests.swift */,
				2018A8EF228E27930007FA8C /* Info.plist */,
			);
			path = Trash_ItTests;
			sourceTree = "<group>";
		};
		2018A8F7228E27930007FA8C /* Trash_ItUITests */ = {
			isa = PBXGroup;
			children = (
				2018A8F8228E27930007FA8C /* Trash_ItUITests.swift */,
				2018A8FA228E27930007FA8C /* Info.plist */,
			);
			path = Trash_ItUITests;
			sourceTree = "<group>";
		};
/* End PBXGroup section */

/* Begin PBXNativeTarget section */
		2018A8D4228E27910007FA8C /* Trash_It */ = {
			isa = PBXNativeTarget;
			buildConfigurationList = 2018A8FD228E27930007FA8C /* Build configuration list for PBXNativeTarget "Trash_It" */;
			buildPhases = (
				2018A8D1228E27910007FA8C /* Sources */,
				2018A8D2228E27910007FA8C /* Frameworks */,
				2018A8D3228E27910007FA8C /* Resources */,
			);
			buildRules = (
			);
			dependencies = (
			);
			name = Trash_It;
			productName = Trash_It;
			productReference = 2018A8D5228E27910007FA8C /* Trash_It.app */;
			productType = "com.apple.product-type.application";
		};
		2018A8E8228E27930007FA8C /* Trash_ItTests */ = {
			isa = PBXNativeTarget;
			buildConfigurationList = 2018A900228E27930007FA8C /* Build configuration list for PBXNativeTarget "Trash_ItTests" */;
			buildPhases = (
				2018A8E5228E27930007FA8C /* Sources */,
				2018A8E6228E27930007FA8C /* Frameworks */,
				2018A8E7228E27930007FA8C /* Resources */,
			);
			buildRules = (
			);
			dependencies = (
				2018A8EB228E27930007FA8C /* PBXTargetDependency */,
			);
			name = Trash_ItTests;
			productName = Trash_ItTests;
			productReference = 2018A8E9228E27930007FA8C /* Trash_ItTests.xctest */;
			productType = "com.apple.product-type.bundle.unit-test";
		};
		2018A8F3228E27930007FA8C /* Trash_ItUITests */ = {
			isa = PBXNativeTarget;
			buildConfigurationList = 2018A903228E27930007FA8C /* Build configuration list for PBXNativeTarget "Trash_ItUITests" */;
			buildPhases = (
				2018A8F0228E27930007FA8C /* Sources */,
				2018A8F1228E27930007FA8C /* Frameworks */,
				2018A8F2228E27930007FA8C /* Resources */,
			);
			buildRules = (
			);
			dependencies = (
				2018A8F6228E27930007FA8C /* PBXTargetDependency */,
			);
			name = Trash_ItUITests;
			productName = Trash_ItUITests;
			productReference = 2018A8F4228E27930007FA8C /* Trash_ItUITests.xctest */;
			productType = "com.apple.product-type.bundle.ui-testing";
		};
/* End PBXNativeTarget section */

/* Begin PBXProject section */
		2018A8CD228E27910007FA8C /* Project object */ = {
			isa = PBXProject;
			attributes = {
				LastSwiftUpdateCheck = 0940;
				LastUpgradeCheck = 0940;
				ORGANIZATIONNAME = "Neha Pamidi";
				TargetAttributes = {
					2018A8D4228E27910007FA8C = {
						CreatedOnToolsVersion = 9.4.1;
					};
					2018A8E8228E27930007FA8C = {
						CreatedOnToolsVersion = 9.4.1;
						TestTargetID = 2018A8D4228E27910007FA8C;
					};
					2018A8F3228E27930007FA8C = {
						CreatedOnToolsVersion = 9.4.1;
						TestTargetID = 2018A8D4228E27910007FA8C;
					};
				};
			};
			buildConfigurationList = 2018A8D0228E27910007FA8C /* Build configuration list for PBXProject "Trash_It" */;
			compatibilityVersion = "Xcode 9.3";
			developmentRegion = en;
			hasScannedForEncodings = 0;
			knownRegions = (
				en,
				Base,
			);
			mainGroup = 2018A8CC228E27910007FA8C;
			productRefGroup = 2018A8D6228E27910007FA8C /* Products */;
			projectDirPath = "";
			projectRoot = "";
			targets = (
				2018A8D4228E27910007FA8C /* Trash_It */,
				2018A8E8228E27930007FA8C /* Trash_ItTests */,
				2018A8F3228E27930007FA8C /* Trash_ItUITests */,
			);
		};
/* End PBXProject section */

/* Begin PBXResourcesBuildPhase section */
		2018A8D3228E27910007FA8C /* Resources */ = {
			isa = PBXResourcesBuildPhase;
			buildActionMask = 2147483647;
			files = (
				2018A8E0228E27930007FA8C /* Assets.xcassets in Resources */,
				2018A8DE228E27910007FA8C /* Main.storyboard in Resources */,
			);
			runOnlyForDeploymentPostprocessing = 0;
		};
		2018A8E7228E27930007FA8C /* Resources */ = {
			isa = PBXResourcesBuildPhase;
			buildActionMask = 2147483647;
			files = (
			);
			runOnlyForDeploymentPostprocessing = 0;
		};
		2018A8F2228E27930007FA8C /* Resources */ = {
			isa = PBXResourcesBuildPhase;
			buildActionMask = 2147483647;
			files = (
			);
			runOnlyForDeploymentPostprocessing = 0;
		};
/* End PBXResourcesBuildPhase section */

/* Begin PBXSourcesBuildPhase section */
		2018A8D1228E27910007FA8C /* Sources */ = {
			isa = PBXSourcesBuildPhase;
			buildActionMask = 2147483647;
			files = (
				2018A8DB228E27910007FA8C /* ViewController.swift in Sources */,
				2018A8D9228E27910007FA8C /* AppDelegate.swift in Sources */,
			);
			runOnlyForDeploymentPostprocessing = 0;
		};
		2018A8E5228E27930007FA8C /* Sources */ = {
			isa = PBXSourcesBuildPhase;
			buildActionMask = 2147483647;
			files = (
				2018A8EE228E27930007FA8C /* Trash_ItTests.swift in Sources */,
			);
			runOnlyForDeploymentPostprocessing = 0;
		};
		2018A8F0228E27930007FA8C /* Sources */ = {
			isa = PBXSourcesBuildPhase;
			buildActionMask = 2147483647;
			files = (
				2018A8F9228E27930007FA8C /* Trash_ItUITests.swift in Sources */,
			);
			runOnlyForDeploymentPostprocessing = 0;
		};
/* End PBXSourcesBuildPhase section */

/* Begin PBXTargetDependency section */
		2018A8EB228E27930007FA8C /* PBXTargetDependency */ = {
			isa = PBXTargetDependency;
			target = 2018A8D4228E27910007FA8C /* Trash_It */;
			targetProxy = 2018A8EA228E27930007FA8C /* PBXContainerItemProxy */;
		};
		2018A8F6228E27930007FA8C /* PBXTargetDependency */ = {
			isa = PBXTargetDependency;
			target = 2018A8D4228E27910007FA8C /* Trash_It */;
			targetProxy = 2018A8F5228E27930007FA8C /* PBXContainerItemProxy */;
		};
/* End PBXTargetDependency section */

/* Begin PBXVariantGroup section */
		2018A8DC228E27910007FA8C /* Main.storyboard */ = {
			isa = PBXVariantGroup;
			children = (
				2018A8DD228E27910007FA8C /* Base */,
			);
			name = Main.storyboard;
			sourceTree = "<group>";
		};
/* End PBXVariantGroup section */

/* Begin XCBuildConfiguration section */
		2018A8FB228E27930007FA8C /* Debug */ = {
			isa = XCBuildConfiguration;
			buildSettings = {
				ALWAYS_SEARCH_USER_PATHS = NO;
				CLANG_ANALYZER_NONNULL = YES;
				CLANG_ANALYZER_NUMBER_OBJECT_CONVERSION = YES_AGGRESSIVE;
				CLANG_CXX_LANGUAGE_STANDARD = "gnu++14";
				CLANG_CXX_LIBRARY = "libc++";
				CLANG_ENABLE_MODULES = YES;
				CLANG_ENABLE_OBJC_ARC = YES;
				CLANG_ENABLE_OBJC_WEAK = YES;
				CLANG_WARN_BLOCK_CAPTURE_AUTORELEASING = YES;
				CLANG_WARN_BOOL_CONVERSION = YES;
				CLANG_WARN_COMMA = YES;
				CLANG_WARN_CONSTANT_CONVERSION = YES;
				CLANG_WARN_DEPRECATED_OBJC_IMPLEMENTATIONS = YES;
				CLANG_WARN_DIRECT_OBJC_ISA_USAGE = YES_ERROR;
				CLANG_WARN_DOCUMENTATION_COMMENTS = YES;
				CLANG_WARN_EMPTY_BODY = YES;
				CLANG_WARN_ENUM_CONVERSION = YES;
				CLANG_WARN_INFINITE_RECURSION = YES;
				CLANG_WARN_INT_CONVERSION = YES;
				CLANG_WARN_NON_LITERAL_NULL_CONVERSION = YES;
				CLANG_WARN_OBJC_IMPLICIT_RETAIN_SELF = YES;
				CLANG_WARN_OBJC_LITERAL_CONVERSION = YES;
				CLANG_WARN_OBJC_ROOT_CLASS = YES_ERROR;
				CLANG_WARN_RANGE_LOOP_ANALYSIS = YES;
				CLANG_WARN_STRICT_PROTOTYPES = YES;
				CLANG_WARN_SUSPICIOUS_MOVE = YES;
				CLANG_WARN_UNGUARDED_AVAILABILITY = YES_AGGRESSIVE;
				CLANG_WARN_UNREACHABLE_CODE = YES;
				CLANG_WARN__DUPLICATE_METHOD_MATCH = YES;
				CODE_SIGN_IDENTITY = "iPhone Developer";
				COPY_PHASE_STRIP = NO;
				DEBUG_INFORMATION_FORMAT = dwarf;
				ENABLE_STRICT_OBJC_MSGSEND = YES;
				ENABLE_TESTABILITY = YES;
				GCC_C_LANGUAGE_STANDARD = gnu11;
				GCC_DYNAMIC_NO_PIC = NO;
				GCC_NO_COMMON_BLOCKS = YES;
				GCC_OPTIMIZATION_LEVEL = 0;
				GCC_PREPROCESSOR_DEFINITIONS = (
					"DEBUG=1",
					"$(inherited)",
				);
				GCC_WARN_64_TO_32_BIT_CONVERSION = YES;
				GCC_WARN_ABOUT_RETURN_TYPE = YES_ERROR;
				GCC_WARN_UNDECLARED_SELECTOR = YES;
				GCC_WARN_UNINITIALIZED_AUTOS = YES_AGGRESSIVE;
				GCC_WARN_UNUSED_FUNCTION = YES;
				GCC_WARN_UNUSED_VARIABLE = YES;
				IPHONEOS_DEPLOYMENT_TARGET = 11.4;
				MTL_ENABLE_DEBUG_INFO = YES;
				ONLY_ACTIVE_ARCH = YES;
				SDKROOT = iphoneos;
				SWIFT_ACTIVE_COMPILATION_CONDITIONS = DEBUG;
				SWIFT_OPTIMIZATION_LEVEL = "-Onone";
			};
			name = Debug;
		};
		2018A8FC228E27930007FA8C /* Release */ = {
			isa = XCBuildConfiguration;
			buildSettings = {
				ALWAYS_SEARCH_USER_PATHS = NO;
				CLANG_ANALYZER_NONNULL = YES;
				CLANG_ANALYZER_NUMBER_OBJECT_CONVERSION = YES_AGGRESSIVE;
				CLANG_CXX_LANGUAGE_STANDARD = "gnu++14";
				CLANG_CXX_LIBRARY = "libc++";
				CLANG_ENABLE_MODULES = YES;
				CLANG_ENABLE_OBJC_ARC = YES;
				CLANG_ENABLE_OBJC_WEAK = YES;
				CLANG_WARN_BLOCK_CAPTURE_AUTORELEASING = YES;
				CLANG_WARN_BOOL_CONVERSION = YES;
				CLANG_WARN_COMMA = YES;
				CLANG_WARN_CONSTANT_CONVERSION = YES;
				CLANG_WARN_DEPRECATED_OBJC_IMPLEMENTATIONS = YES;
				CLANG_WARN_DIRECT_OBJC_ISA_USAGE = YES_ERROR;
				CLANG_WARN_DOCUMENTATION_COMMENTS = YES;
				CLANG_WARN_EMPTY_BODY = YES;
				CLANG_WARN_ENUM_CONVERSION = YES;
				CLANG_WARN_INFINITE_RECURSION = YES;
				CLANG_WARN_INT_CONVERSION = YES;
				CLANG_WARN_NON_LITERAL_NULL_CONVERSION = YES;
				CLANG_WARN_OBJC_IMPLICIT_RETAIN_SELF = YES;
				CLANG_WARN_OBJC_LITERAL_CONVERSION = YES;
				CLANG_WARN_OBJC_ROOT_CLASS = YES_ERROR;
				CLANG_WARN_RANGE_LOOP_ANALYSIS = YES;
				CLANG_WARN_STRICT_PROTOTYPES = YES;
				CLANG_WARN_SUSPICIOUS_MOVE = YES;
				CLANG_WARN_UNGUARDED_AVAILABILITY = YES_AGGRESSIVE;
				CLANG_WARN_UNREACHABLE_CODE = YES;
				CLANG_WARN__DUPLICATE_METHOD_MATCH = YES;
				CODE_SIGN_IDENTITY = "iPhone Developer";
				COPY_PHASE_STRIP = NO;
				DEBUG_INFORMATION_FORMAT = "dwarf-with-dsym";
				ENABLE_NS_ASSERTIONS = NO;
				ENABLE_STRICT_OBJC_MSGSEND = YES;
				GCC_C_LANGUAGE_STANDARD = gnu11;
				GCC_NO_COMMON_BLOCKS = YES;
				GCC_WARN_64_TO_32_BIT_CONVERSION = YES;
				GCC_WARN_ABOUT_RETURN_TYPE = YES_ERROR;
				GCC_WARN_UNDECLARED_SELECTOR = YES;
				GCC_WARN_UNINITIALIZED_AUTOS = YES_AGGRESSIVE;
				GCC_WARN_UNUSED_FUNCTION = YES;
				GCC_WARN_UNUSED_VARIABLE = YES;
				IPHONEOS_DEPLOYMENT_TARGET = 11.4;
				MTL_ENABLE_DEBUG_INFO = NO;
				SDKROOT = iphoneos;
				SWIFT_COMPILATION_MODE = wholemodule;
				SWIFT_OPTIMIZATION_LEVEL = "-O";
				VALIDATE_PRODUCT = YES;
			};
			name = Release;
		};
		2018A8FE228E27930007FA8C /* Debug */ = {
			isa = XCBuildConfiguration;
			buildSettings = {
				ASSETCATALOG_COMPILER_APPICON_NAME = AppIcon;
				CODE_SIGN_STYLE = Automatic;
				DEVELOPMENT_TEAM = N8TH5N65J5;
				INFOPLIST_FILE = Trash_It/Info.plist;
				LD_RUNPATH_SEARCH_PATHS = (
					"$(inherited)",
					"@executable_path/Frameworks",
				);
				PRODUCT_BUNDLE_IDENTIFIER = "hacks.Trash-It";
				PRODUCT_NAME = "$(TARGET_NAME)";
				SWIFT_VERSION = 4.0;
				TARGETED_DEVICE_FAMILY = "1,2";
			};
			name = Debug;
		};
		2018A8FF228E27930007FA8C /* Release */ = {
			isa = XCBuildConfiguration;
			buildSettings = {
				ASSETCATALOG_COMPILER_APPICON_NAME = AppIcon;
				CODE_SIGN_STYLE = Automatic;
				DEVELOPMENT_TEAM = N8TH5N65J5;
				INFOPLIST_FILE = Trash_It/Info.plist;
				LD_RUNPATH_SEARCH_PATHS = (
					"$(inherited)",
					"@executable_path/Frameworks",
				);
				PRODUCT_BUNDLE_IDENTIFIER = "hacks.Trash-It";
				PRODUCT_NAME = "$(TARGET_NAME)";
				SWIFT_VERSION = 4.0;
				TARGETED_DEVICE_FAMILY = "1,2";
			};
			name = Release;
		};
		2018A901228E27930007FA8C /* Debug */ = {
			isa = XCBuildConfiguration;
			buildSettings = {
				ALWAYS_EMBED_SWIFT_STANDARD_LIBRARIES = YES;
				BUNDLE_LOADER = "$(TEST_HOST)";
				CODE_SIGN_STYLE = Automatic;
				DEVELOPMENT_TEAM = N8TH5N65J5;
				INFOPLIST_FILE = Trash_ItTests/Info.plist;
				LD_RUNPATH_SEARCH_PATHS = (
					"$(inherited)",
					"@executable_path/Frameworks",
					"@loader_path/Frameworks",
				);
				PRODUCT_BUNDLE_IDENTIFIER = "hacks.Trash-ItTests";
				PRODUCT_NAME = "$(TARGET_NAME)";
				SWIFT_VERSION = 4.0;
				TARGETED_DEVICE_FAMILY = "1,2";
				TEST_HOST = "$(BUILT_PRODUCTS_DIR)/Trash_It.app/Trash_It";
			};
			name = Debug;
		};
		2018A902228E27930007FA8C /* Release */ = {
			isa = XCBuildConfiguration;
			buildSettings = {
				ALWAYS_EMBED_SWIFT_STANDARD_LIBRARIES = YES;
				BUNDLE_LOADER = "$(TEST_HOST)";
				CODE_SIGN_STYLE = Automatic;
				DEVELOPMENT_TEAM = N8TH5N65J5;
				INFOPLIST_FILE = Trash_ItTests/Info.plist;
				LD_RUNPATH_SEARCH_PATHS = (
					"$(inherited)",
					"@executable_path/Frameworks",
					"@loader_path/Frameworks",
				);
				PRODUCT_BUNDLE_IDENTIFIER = "hacks.Trash-ItTests";
				PRODUCT_NAME = "$(TARGET_NAME)";
				SWIFT_VERSION = 4.0;
				TARGETED_DEVICE_FAMILY = "1,2";
				TEST_HOST = "$(BUILT_PRODUCTS_DIR)/Trash_It.app/Trash_It";
			};
			name = Release;
		};
		2018A904228E27930007FA8C /* Debug */ = {
			isa = XCBuildConfiguration;
			buildSettings = {
				ALWAYS_EMBED_SWIFT_STANDARD_LIBRARIES = YES;
				CODE_SIGN_STYLE = Automatic;
				DEVELOPMENT_TEAM = N8TH5N65J5;
				INFOPLIST_FILE = Trash_ItUITests/Info.plist;
				LD_RUNPATH_SEARCH_PATHS = (
					"$(inherited)",
					"@executable_path/Frameworks",
					"@loader_path/Frameworks",
				);
				PRODUCT_BUNDLE_IDENTIFIER = "hacks.Trash-ItUITests";
				PRODUCT_NAME = "$(TARGET_NAME)";
				SWIFT_VERSION = 4.0;
				TARGETED_DEVICE_FAMILY = "1,2";
				TEST_TARGET_NAME = Trash_It;
			};
			name = Debug;
		};
		2018A905228E27930007FA8C /* Release */ = {
			isa = XCBuildConfiguration;
			buildSettings = {
				ALWAYS_EMBED_SWIFT_STANDARD_LIBRARIES = YES;
				CODE_SIGN_STYLE = Automatic;
				DEVELOPMENT_TEAM = N8TH5N65J5;
				INFOPLIST_FILE = Trash_ItUITests/Info.plist;
				LD_RUNPATH_SEARCH_PATHS = (
					"$(inherited)",
					"@executable_path/Frameworks",
					"@loader_path/Frameworks",
				);
				PRODUCT_BUNDLE_IDENTIFIER = "hacks.Trash-ItUITests";
				PRODUCT_NAME = "$(TARGET_NAME)";
				SWIFT_VERSION = 4.0;
				TARGETED_DEVICE_FAMILY = "1,2";
				TEST_TARGET_NAME = Trash_It;
			};
			name = Release;
		};
/* End XCBuildConfiguration section */

/* Begin XCConfigurationList section */
		2018A8D0228E27910007FA8C /* Build configuration list for PBXProject "Trash_It" */ = {
			isa = XCConfigurationList;
			buildConfigurations = (
				2018A8FB228E27930007FA8C /* Debug */,
				2018A8FC228E27930007FA8C /* Release */,
			);
			defaultConfigurationIsVisible = 0;
			defaultConfigurationName = Release;
		};
		2018A8FD228E27930007FA8C /* Build configuration list for PBXNativeTarget "Trash_It" */ = {
			isa = XCConfigurationList;
			buildConfigurations = (
				2018A8FE228E27930007FA8C /* Debug */,
				2018A8FF228E27930007FA8C /* Release */,
			);
			defaultConfigurationIsVisible = 0;
			defaultConfigurationName = Release;
		};
		2018A900228E27930007FA8C /* Build configuration list for PBXNativeTarget "Trash_ItTests" */ = {
			isa = XCConfigurationList;
			buildConfigurations = (
				2018A901228E27930007FA8C /* Debug */,
				2018A902228E27930007FA8C /* Release */,
			);
			defaultConfigurationIsVisible = 0;
			defaultConfigurationName = Release;
		};
		2018A903228E27930007FA8C /* Build configuration list for PBXNativeTarget "Trash_ItUITests" */ = {
			isa = XCConfigurationList;
			buildConfigurations = (
				2018A904228E27930007FA8C /* Debug */,
				2018A905228E27930007FA8C /* Release */,
			);
			defaultConfigurationIsVisible = 0;
			defaultConfigurationName = Release;
		};
/* End XCConfigurationList section */
	};
	rootObject = 2018A8CD228E27910007FA8C /* Project object */;
}
